
Microsoft Visual Studio Solution File, Format Version 12.00
# Visual Studio Version 17
VisualStudioVersion = 17.3.32929.385
MinimumVisualStudioVersion = 10.0.40219.1
Project("{9A19103F-16F7-4668-BE54-9A1E7A4F7556}") = "Rent_A_Car", "Rent_A_Car\Rent_A_Car.csproj", "{63C3293E-74A3-4DCB-B4D2-75B7204979F5}"
EndProject
Project("{9A19103F-16F7-4668-BE54-9A1E7A4F7556}") = "Business", "Business\Business.csproj", "{94546F37-9C33-466D-A6C7-A8E2053F3553}"
EndProject
Project("{9A19103F-16F7-4668-BE54-9A1E7A4F7556}") = "Data", "Data\Data.csproj", "{D4411F7A-8950-4BD6-AE1B-E299973DA27B}"
EndProject
Project("{9A19103F-16F7-4668-BE54-9A1E7A4F7556}") = "Repositories", "Repositories\Repositories.csproj", "{2CB63C8B-4482-457E-8227-8407B8BFBFA0}"
EndProject
Project("{2150E333-8FDC-42A3-9474-1A3956D46DE8}") = "API", "API", "{8627259D-B7F0-460B-8034-D292251F7778}"
EndProject
Project("{2150E333-8FDC-42A3-9474-1A3956D46DE8}") = "Business", "Business", "{B8EA854F-1C4B-41DB-9E91-A4D31E059CD2}"
EndProject
Project("{2150E333-8FDC-42A3-9474-1A3956D46DE8}") = "Data", "Data", "{A666B44A-5EFA-4279-A66B-188F924CBEA8}"
EndProject
Project("{2150E333-8FDC-42A3-9474-1A3956D46DE8}") = "Repositories", "Repositories", "{FCB2A98D-66EA-4EAD-8FAB-B8248E0F659C}"
EndProject
Global
	GlobalSection(SolutionConfigurationPlatforms) = preSolution
		Debug|Any CPU = Debug|Any CPU
		Release|Any CPU = Release|Any CPU
	EndGlobalSection
	GlobalSection(ProjectConfigurationPlatforms) = postSolution
		{63C3293E-74A3-4DCB-B4D2-75B7204979F5}.Debug|Any CPU.ActiveCfg = Debug|Any CPU
		{63C3293E-74A3-4DCB-B4D2-75B7204979F5}.Debug|Any CPU.Build.0 = Debug|Any CPU
		{63C3293E-74A3-4DCB-B4D2-75B7204979F5}.Release|Any CPU.ActiveCfg = Release|Any CPU
		{63C3293E-74A3-4DCB-B4D2-75B7204979F5}.Release|Any CPU.Build.0 = Release|Any CPU
		{94546F37-9C33-466D-A6C7-A8E2053F3553}.Debug|Any CPU.ActiveCfg = Debug|Any CPU
		{94546F37-9C33-466D-A6C7-A8E2053F3553}.Debug|Any CPU.Build.0 = Debug|Any CPU
		{94546F37-9C33-466D-A6C7-A8E2053F3553}.Release|Any CPU.ActiveCfg = Release|Any CPU
		{94546F37-9C33-466D-A6C7-A8E2053F3553}.Release|Any CPU.Build.0 = Release|Any CPU
		{D4411F7A-8950-4BD6-AE1B-E299973DA27B}.Debug|Any CPU.ActiveCfg = Debug|Any CPU
		{D4411F7A-8950-4BD6-AE1B-E299973DA27B}.Debug|Any CPU.Build.0 = Debug|Any CPU
		{D4411F7A-8950-4BD6-AE1B-E299973DA27B}.Release|Any CPU.ActiveCfg = Release|Any CPU
		{D4411F7A-8950-4BD6-AE1B-E299973DA27B}.Release|Any CPU.Build.0 = Release|Any CPU
		{2CB63C8B-4482-457E-8227-8407B8BFBFA0}.Debug|Any CPU.ActiveCfg = Debug|Any CPU
		{2CB63C8B-4482-457E-8227-8407B8BFBFA0}.Debug|Any CPU.Build.0 = Debug|Any CPU
		{2CB63C8B-4482-457E-8227-8407B8BFBFA0}.Release|Any CPU.ActiveCfg = Release|Any CPU
		{2CB63C8B-4482-457E-8227-8407B8BFBFA0}.Release|Any CPU.Build.0 = Release|Any CPU
	EndGlobalSection
	GlobalSection(SolutionProperties) = preSolution
		HideSolutionNode = FALSE
	EndGlobalSection
	GlobalSection(NestedProjects) = preSolution
		{63C3293E-74A3-4DCB-B4D2-75B7204979F5} = {8627259D-B7F0-460B-8034-D292251F7778}
		{94546F37-9C33-466D-A6C7-A8E2053F3553} = {B8EA854F-1C4B-41DB-9E91-A4D31E059CD2}
		{D4411F7A-8950-4BD6-AE1B-E299973DA27B} = {A666B44A-5EFA-4279-A66B-188F924CBEA8}
		{2CB63C8B-4482-457E-8227-8407B8BFBFA0} = {FCB2A98D-66EA-4EAD-8FAB-B8248E0F659C}
	EndGlobalSection
	GlobalSection(ExtensibilityGlobals) = postSolution
		SolutionGuid = {8D01D878-2675-426C-A3A2-4F48648CAB48}
	EndGlobalSection
EndGlobal
